
Microsoft Visual Studio Solution File, Format Version 12.00
# Visual Studio 15
VisualStudioVersion = 15.0.28307.329
MinimumVisualStudioVersion = 10.0.40219.1
Project("{FAE04EC0-301F-11D3-BF4B-00C04F79EFBC}") = "DataTables.NetCore", "DataTables.NetCore\DataTables.NetCore.csproj", "{3C3EA3EE-F7A7-419A-BBC9-D742745CDE38}"
EndProject
Global
	GlobalSection(SolutionConfigurationPlatforms) = preSolution
		Debug|Any CPU = Debug|Any CPU
		Release|Any CPU = Release|Any CPU
	EndGlobalSection
	GlobalSection(ProjectConfigurationPlatforms) = postSolution
		{3C3EA3EE-F7A7-419A-BBC9-D742745CDE38}.Debug|Any CPU.ActiveCfg = Debug|Any CPU
		{3C3EA3EE-F7A7-419A-BBC9-D742745CDE38}.Debug|Any CPU.Build.0 = Debug|Any CPU
		{3C3EA3EE-F7A7-419A-BBC9-D742745CDE38}.Release|Any CPU.ActiveCfg = Release|Any CPU
		{3C3EA3EE-F7A7-419A-BBC9-D742745CDE38}.Release|Any CPU.Build.0 = Release|Any CPU
	EndGlobalSection
	GlobalSection(SolutionProperties) = preSolution
		HideSolutionNode = FALSE
	EndGlobalSection
	GlobalSection(ExtensibilityGlobals) = postSolution
		SolutionGuid = {E3E85FFC-156B-44AC-93C6-45A884871B2D}
	EndGlobalSection
EndGlobal
